
Microsoft Visual Studio Solution File, Format Version 12.00
# Visual Studio Version 17
VisualStudioVersion = 17.8.34330.188
MinimumVisualStudioVersion = 10.0.40219.1
Project("{FAE04EC0-301F-11D3-BF4B-00C04F79EFBC}") = "Assessments", "Assessments.csproj", "{41C68809-0306-4215-80BB-6DBE6ED0A16D}"
EndProject
Global
	GlobalSection(SolutionConfigurationPlatforms) = preSolution
		Debug|Any CPU = Debug|Any CPU
		Release|Any CPU = Release|Any CPU
	EndGlobalSection
	GlobalSection(ProjectConfigurationPlatforms) = postSolution
		{41C68809-0306-4215-80BB-6DBE6ED0A16D}.Debug|Any CPU.ActiveCfg = Debug|Any CPU
		{41C68809-0306-4215-80BB-6DBE6ED0A16D}.Debug|Any CPU.Build.0 = Debug|Any CPU
		{41C68809-0306-4215-80BB-6DBE6ED0A16D}.Release|Any CPU.ActiveCfg = Release|Any CPU
		{41C68809-0306-4215-80BB-6DBE6ED0A16D}.Release|Any CPU.Build.0 = Release|Any CPU
	EndGlobalSection
	GlobalSection(SolutionProperties) = preSolution
		HideSolutionNode = FALSE
	EndGlobalSection
	GlobalSection(ExtensibilityGlobals) = postSolution
		SolutionGuid = {0220D5BB-EBFA-4B3E-A9DA-5F3AA7E73F7E}
	EndGlobalSection
EndGlobal
